
Microsoft Visual Studio Solution File, Format Version 12.00
# Visual Studio 15
VisualStudioVersion = 15.0.28307.106
MinimumVisualStudioVersion = 10.0.40219.1
Project("{8BC9CEB8-8B4A-11D0-8D11-00A0C91BC942}") = "cli", "ovpn3-core.vcxproj", "{1F891260-2039-494F-9777-EC5166AF31BC}"
EndProject
Project("{8BC9CEB8-8B4A-11D0-8D11-00A0C91BC942}") = "unittests", "..\test\unittests\unittests.vcxproj", "{18446924-20CC-4EB7-B639-A76C1422E5C2}"
EndProject
Global
	GlobalSection(SolutionConfigurationPlatforms) = preSolution
		Debug|ARM = Debug|ARM
		Debug|x64 = Debug|x64
		Debug|x86 = Debug|x86
		Release|ARM = Release|ARM
		Release|x64 = Release|x64
		Release|x86 = Release|x86
		Wintundebug|ARM = Wintundebug|ARM
		Wintundebug|x64 = Wintundebug|x64
		Wintundebug|x86 = Wintundebug|x86
		Wintunrelease|ARM = Wintunrelease|ARM
		Wintunrelease|x64 = Wintunrelease|x64
		Wintunrelease|x86 = Wintunrelease|x86
	EndGlobalSection
	GlobalSection(ProjectConfigurationPlatforms) = postSolution
		{1F891260-2039-494F-9777-EC5166AF31BC}.Debug|ARM.ActiveCfg = Debug|x64
		{1F891260-2039-494F-9777-EC5166AF31BC}.Debug|x64.ActiveCfg = Debug|x64
		{1F891260-2039-494F-9777-EC5166AF31BC}.Debug|x64.Build.0 = Debug|x64
		{1F891260-2039-494F-9777-EC5166AF31BC}.Debug|x86.ActiveCfg = Debug|x64
		{1F891260-2039-494F-9777-EC5166AF31BC}.Release|ARM.ActiveCfg = Release|x64
		{1F891260-2039-494F-9777-EC5166AF31BC}.Release|x64.ActiveCfg = Release|x64
		{1F891260-2039-494F-9777-EC5166AF31BC}.Release|x64.Build.0 = Release|x64
		{1F891260-2039-494F-9777-EC5166AF31BC}.Release|x86.ActiveCfg = Release|x64
		{1F891260-2039-494F-9777-EC5166AF31BC}.Wintundebug|ARM.ActiveCfg = Wintundebug|x64
		{1F891260-2039-494F-9777-EC5166AF31BC}.Wintundebug|x64.ActiveCfg = Wintundebug|x64
		{1F891260-2039-494F-9777-EC5166AF31BC}.Wintundebug|x64.Build.0 = Wintundebug|x64
		{1F891260-2039-494F-9777-EC5166AF31BC}.Wintundebug|x64.Deploy.0 = Wintundebug|x64
		{1F891260-2039-494F-9777-EC5166AF31BC}.Wintundebug|x86.ActiveCfg = Wintundebug|x64
		{1F891260-2039-494F-9777-EC5166AF31BC}.Wintunrelease|ARM.ActiveCfg = Wintunrelease|x64
		{1F891260-2039-494F-9777-EC5166AF31BC}.Wintunrelease|x64.ActiveCfg = Wintunrelease|x64
		{1F891260-2039-494F-9777-EC5166AF31BC}.Wintunrelease|x64.Build.0 = Wintunrelease|x64
		{1F891260-2039-494F-9777-EC5166AF31BC}.Wintunrelease|x64.Deploy.0 = Wintunrelease|x64
		{1F891260-2039-494F-9777-EC5166AF31BC}.Wintunrelease|x86.ActiveCfg = Wintunrelease|x64
		{18446924-20CC-4EB7-B639-A76C1422E5C2}.Debug|ARM.ActiveCfg = Debug|x64
		{18446924-20CC-4EB7-B639-A76C1422E5C2}.Debug|x64.ActiveCfg = Debug|x64
		{18446924-20CC-4EB7-B639-A76C1422E5C2}.Debug|x86.ActiveCfg = Debug|x64
		{18446924-20CC-4EB7-B639-A76C1422E5C2}.Release|ARM.ActiveCfg = Release|x64
		{18446924-20CC-4EB7-B639-A76C1422E5C2}.Release|x64.ActiveCfg = Release|x64
		{18446924-20CC-4EB7-B639-A76C1422E5C2}.Release|x86.ActiveCfg = Release|x64
		{18446924-20CC-4EB7-B639-A76C1422E5C2}.Wintundebug|ARM.ActiveCfg = Wintundebug|x64
		{18446924-20CC-4EB7-B639-A76C1422E5C2}.Wintundebug|x64.ActiveCfg = Wintundebug|x64
		{18446924-20CC-4EB7-B639-A76C1422E5C2}.Wintundebug|x86.ActiveCfg = Wintundebug|x64
		{18446924-20CC-4EB7-B639-A76C1422E5C2}.Wintunrelease|ARM.ActiveCfg = Wintunrelease|x64
		{18446924-20CC-4EB7-B639-A76C1422E5C2}.Wintunrelease|x64.ActiveCfg = Wintunrelease|x64
		{18446924-20CC-4EB7-B639-A76C1422E5C2}.Wintunrelease|x86.ActiveCfg = Wintunrelease|x64
	EndGlobalSection
	GlobalSection(SolutionProperties) = preSolution
		HideSolutionNode = FALSE
	EndGlobalSection
	GlobalSection(ExtensibilityGlobals) = postSolution
		SolutionGuid = {2C22702B-DF56-4CEB-9CA4-C999BD01FD03}
	EndGlobalSection
EndGlobal
